{
  "nodes": {
    "nixos-unstable": {
      "locked": {
        "lastModified": 1751984180,
        "narHash": "sha256-LwWRsENAZJKUdD3SpLluwDmdXY9F45ZEgCb0X+xgOL0=",
        "owner": "NixOS",
        "repo": "nixpkgs",
        "rev": "9807714d6944a957c2e036f84b0ff8caf9930bc0",
        "type": "github"
      },
      "original": {
        "owner": "NixOS",
        "ref": "nixos-unstable",
        "repo": "nixpkgs",
        "type": "github"
      }
    },
    "nixpkgs": {
      "locked": {
        "lastModified": 1752308619,
        "narHash": "sha256-pzrVLKRQNPrii06Rm09Q0i0dq3wt2t2pciT/GNq5EZQ=",
        "owner": "NixOS",
        "repo": "nixpkgs",
        "rev": "650e572363c091045cdbc5b36b0f4c1f614d3058",
        "type": "github"
      },
      "original": {
        "owner": "NixOS",
        "ref": "nixos-25.05",
        "repo": "nixpkgs",
        "type": "github"
      }
    },
    "root": {
      "inputs": {
        "nixos-unstable": "nixos-unstable",
        "nixpkgs": "nixpkgs"
      }
    }
  },
  "root": "root",
  "version": 7
}
